
Microsoft Visual Studio Solution File, Format Version 12.00
# Visual Studio Version 17
VisualStudioVersion = 17.9.34622.214
MinimumVisualStudioVersion = 10.0.40219.1
Project("{FAE04EC0-301F-11D3-BF4B-00C04F79EFBC}") = "projectgogogo", "projectgogogo\projectgogogo.csproj", "{7AE47918-9DCA-4956-BB89-D9EB20DBFCFE}"
EndProject
Global
	GlobalSection(SolutionConfigurationPlatforms) = preSolution
		Debug|Any CPU = Debug|Any CPU
		Release|Any CPU = Release|Any CPU
	EndGlobalSection
	GlobalSection(ProjectConfigurationPlatforms) = postSolution
		{7AE47918-9DCA-4956-BB89-D9EB20DBFCFE}.Debug|Any CPU.ActiveCfg = Debug|Any CPU
		{7AE47918-9DCA-4956-BB89-D9EB20DBFCFE}.Debug|Any CPU.Build.0 = Debug|Any CPU
		{7AE47918-9DCA-4956-BB89-D9EB20DBFCFE}.Release|Any CPU.ActiveCfg = Release|Any CPU
		{7AE47918-9DCA-4956-BB89-D9EB20DBFCFE}.Release|Any CPU.Build.0 = Release|Any CPU
	EndGlobalSection
	GlobalSection(SolutionProperties) = preSolution
		HideSolutionNode = FALSE
	EndGlobalSection
	GlobalSection(ExtensibilityGlobals) = postSolution
		SolutionGuid = {0D5E4ABB-659A-4C63-959B-1B39FE3D4D2B}
	EndGlobalSection
EndGlobal
